
Microsoft Visual Studio Solution File, Format Version 12.00
# Visual Studio Version 17
VisualStudioVersion = 17.9.34728.123
MinimumVisualStudioVersion = 10.0.40219.1
Project("{E53339B2-1760-4266-BCC7-CA923CBCF16C}") = "docker-compose", "docker-compose.dcproj", "{33901758-F6EB-418B-9EA9-36A90C19DFA8}"
EndProject
Project("{2150E333-8FDC-42A3-9474-1A3956D46DE8}") = "src", "src", "{A1722064-A7D6-4913-B33C-C3A63B27E7D8}"
	ProjectSection(SolutionItems) = preProject
		src\Dockerfile = src\Dockerfile
	EndProjectSection
EndProject
Project("{9A19103F-16F7-4668-BE54-9A1E7A4F7556}") = "MovieStore.Api", "src\MovieStore.Api\MovieStore.Api.csproj", "{199912F1-882E-4EEB-A2C9-C211017DA632}"
EndProject
Project("{9A19103F-16F7-4668-BE54-9A1E7A4F7556}") = "MovieStore.ServiceLibrary", "src\MovieStore.ServiceLibrary\MovieStore.ServiceLibrary.csproj", "{85E62C29-B7E0-4875-A2D6-0EF8CD79BCF8}"
EndProject
Project("{2150E333-8FDC-42A3-9474-1A3956D46DE8}") = "build", "build", "{ED679A88-74A4-47F6-A488-8EFC637C9DF5}"
EndProject
Project("{00D1A9C2-B5F0-4AF3-8072-F6C62B433612}") = "MovieStore.Main", "src\MovieStore.Main\MovieStore.Main.sqlproj", "{B094124C-E35E-4989-9BE2-A8BEAE678FB3}"
EndProject
Project("{9A19103F-16F7-4668-BE54-9A1E7A4F7556}") = "MovieStore.test", "src\MovieStore.test\MovieStore.test\MovieStore.test.csproj", "{E330A558-FA07-4C46-BB89-47D7D90D08CB}"
EndProject
Global
	GlobalSection(SolutionConfigurationPlatforms) = preSolution
		Debug|Any CPU = Debug|Any CPU
		Release|Any CPU = Release|Any CPU
	EndGlobalSection
	GlobalSection(ProjectConfigurationPlatforms) = postSolution
		{33901758-F6EB-418B-9EA9-36A90C19DFA8}.Debug|Any CPU.ActiveCfg = Debug|Any CPU
		{33901758-F6EB-418B-9EA9-36A90C19DFA8}.Debug|Any CPU.Build.0 = Debug|Any CPU
		{33901758-F6EB-418B-9EA9-36A90C19DFA8}.Release|Any CPU.ActiveCfg = Release|Any CPU
		{33901758-F6EB-418B-9EA9-36A90C19DFA8}.Release|Any CPU.Build.0 = Release|Any CPU
		{199912F1-882E-4EEB-A2C9-C211017DA632}.Debug|Any CPU.ActiveCfg = Debug|Any CPU
		{199912F1-882E-4EEB-A2C9-C211017DA632}.Debug|Any CPU.Build.0 = Debug|Any CPU
		{199912F1-882E-4EEB-A2C9-C211017DA632}.Release|Any CPU.ActiveCfg = Release|Any CPU
		{199912F1-882E-4EEB-A2C9-C211017DA632}.Release|Any CPU.Build.0 = Release|Any CPU
		{85E62C29-B7E0-4875-A2D6-0EF8CD79BCF8}.Debug|Any CPU.ActiveCfg = Debug|Any CPU
		{85E62C29-B7E0-4875-A2D6-0EF8CD79BCF8}.Debug|Any CPU.Build.0 = Debug|Any CPU
		{85E62C29-B7E0-4875-A2D6-0EF8CD79BCF8}.Release|Any CPU.ActiveCfg = Release|Any CPU
		{85E62C29-B7E0-4875-A2D6-0EF8CD79BCF8}.Release|Any CPU.Build.0 = Release|Any CPU
		{B094124C-E35E-4989-9BE2-A8BEAE678FB3}.Debug|Any CPU.ActiveCfg = Debug|Any CPU
		{B094124C-E35E-4989-9BE2-A8BEAE678FB3}.Debug|Any CPU.Build.0 = Debug|Any CPU
		{B094124C-E35E-4989-9BE2-A8BEAE678FB3}.Debug|Any CPU.Deploy.0 = Debug|Any CPU
		{B094124C-E35E-4989-9BE2-A8BEAE678FB3}.Release|Any CPU.ActiveCfg = Release|Any CPU
		{B094124C-E35E-4989-9BE2-A8BEAE678FB3}.Release|Any CPU.Build.0 = Release|Any CPU
		{B094124C-E35E-4989-9BE2-A8BEAE678FB3}.Release|Any CPU.Deploy.0 = Release|Any CPU
		{E330A558-FA07-4C46-BB89-47D7D90D08CB}.Debug|Any CPU.ActiveCfg = Debug|Any CPU
		{E330A558-FA07-4C46-BB89-47D7D90D08CB}.Debug|Any CPU.Build.0 = Debug|Any CPU
		{E330A558-FA07-4C46-BB89-47D7D90D08CB}.Release|Any CPU.ActiveCfg = Release|Any CPU
		{E330A558-FA07-4C46-BB89-47D7D90D08CB}.Release|Any CPU.Build.0 = Release|Any CPU
	EndGlobalSection
	GlobalSection(SolutionProperties) = preSolution
		HideSolutionNode = FALSE
	EndGlobalSection
	GlobalSection(NestedProjects) = preSolution
		{199912F1-882E-4EEB-A2C9-C211017DA632} = {A1722064-A7D6-4913-B33C-C3A63B27E7D8}
		{85E62C29-B7E0-4875-A2D6-0EF8CD79BCF8} = {A1722064-A7D6-4913-B33C-C3A63B27E7D8}
		{B094124C-E35E-4989-9BE2-A8BEAE678FB3} = {A1722064-A7D6-4913-B33C-C3A63B27E7D8}
		{E330A558-FA07-4C46-BB89-47D7D90D08CB} = {A1722064-A7D6-4913-B33C-C3A63B27E7D8}
	EndGlobalSection
	GlobalSection(ExtensibilityGlobals) = postSolution
		SolutionGuid = {01FF8FAE-4F7D-4D6D-97D6-106AE8731603}
	EndGlobalSection
EndGlobal
