
Microsoft Visual Studio Solution File, Format Version 12.00
# Visual Studio Version 17
VisualStudioVersion = 17.9.34728.123
MinimumVisualStudioVersion = 10.0.40219.1
Project("{FAE04EC0-301F-11D3-BF4B-00C04F79EFBC}") = "MovieStore.test", "MovieStore.test\MovieStore.test.csproj", "{95904366-0FFF-4E79-AFFE-99171874397E}"
EndProject
Global
	GlobalSection(SolutionConfigurationPlatforms) = preSolution
		Debug|Any CPU = Debug|Any CPU
		Release|Any CPU = Release|Any CPU
	EndGlobalSection
	GlobalSection(ProjectConfigurationPlatforms) = postSolution
		{95904366-0FFF-4E79-AFFE-99171874397E}.Debug|Any CPU.ActiveCfg = Debug|Any CPU
		{95904366-0FFF-4E79-AFFE-99171874397E}.Debug|Any CPU.Build.0 = Debug|Any CPU
		{95904366-0FFF-4E79-AFFE-99171874397E}.Release|Any CPU.ActiveCfg = Release|Any CPU
		{95904366-0FFF-4E79-AFFE-99171874397E}.Release|Any CPU.Build.0 = Release|Any CPU
	EndGlobalSection
	GlobalSection(SolutionProperties) = preSolution
		HideSolutionNode = FALSE
	EndGlobalSection
	GlobalSection(ExtensibilityGlobals) = postSolution
		SolutionGuid = {B0823F12-87BD-4EA7-A954-73BEDBE03C08}
	EndGlobalSection
EndGlobal
